
Microsoft Visual Studio Solution File, Format Version 12.00
# Visual Studio 14
VisualStudioVersion = 14.0.25420.1
MinimumVisualStudioVersion = 10.0.40219.1
Project("{E24C65DC-7377-472B-9ABA-BC803B73C61A}") = "angularjs1", "F:\TestPro\learn\frontendLearning\angularjs\youtube\angularjs1\", "{2E0654BC-F419-40B9-8A14-C22C5B202D5B}"
	ProjectSection(WebsiteProperties) = preProject
		TargetFrameworkMoniker = ".NETFramework,Version%3Dv4.5.2"
		Debug.AspNetCompiler.VirtualPath = "/localhost_24155"
		Debug.AspNetCompiler.PhysicalPath = "F:\TestPro\learn\frontendLearning\angularjs\youtube\angularjs1\"
		Debug.AspNetCompiler.TargetPath = "PrecompiledWeb\localhost_24155\"
		Debug.AspNetCompiler.Updateable = "true"
		Debug.AspNetCompiler.ForceOverwrite = "true"
		Debug.AspNetCompiler.FixedNames = "false"
		Debug.AspNetCompiler.Debug = "True"
		Release.AspNetCompiler.VirtualPath = "/localhost_24155"
		Release.AspNetCompiler.PhysicalPath = "F:\TestPro\learn\frontendLearning\angularjs\youtube\angularjs1\"
		Release.AspNetCompiler.TargetPath = "PrecompiledWeb\localhost_24155\"
		Release.AspNetCompiler.Updateable = "true"
		Release.AspNetCompiler.ForceOverwrite = "true"
		Release.AspNetCompiler.FixedNames = "false"
		Release.AspNetCompiler.Debug = "False"
		VWDPort = "24155"
		SlnRelativePath = "F:\TestPro\learn\frontendLearning\angularjs\youtube\angularjs1\"
		DefaultWebSiteLanguage = "Visual C#"
	EndProjectSection
EndProject
Project("{E24C65DC-7377-472B-9ABA-BC803B73C61A}") = "angularjs2", "F:\TestPro\learn\frontendLearning\angularjs\youtube\angularjs2\", "{0C6DD646-7280-4F28-B1D4-718694413E3B}"
	ProjectSection(WebsiteProperties) = preProject
		TargetFrameworkMoniker = ".NETFramework,Version%3Dv4.5.2"
		Debug.AspNetCompiler.VirtualPath = "/localhost_31310"
		Debug.AspNetCompiler.PhysicalPath = "F:\TestPro\learn\frontendLearning\angularjs\youtube\angularjs2\"
		Debug.AspNetCompiler.TargetPath = "PrecompiledWeb\localhost_31310\"
		Debug.AspNetCompiler.Updateable = "true"
		Debug.AspNetCompiler.ForceOverwrite = "true"
		Debug.AspNetCompiler.FixedNames = "false"
		Debug.AspNetCompiler.Debug = "True"
		Release.AspNetCompiler.VirtualPath = "/localhost_31310"
		Release.AspNetCompiler.PhysicalPath = "F:\TestPro\learn\frontendLearning\angularjs\youtube\angularjs2\"
		Release.AspNetCompiler.TargetPath = "PrecompiledWeb\localhost_31310\"
		Release.AspNetCompiler.Updateable = "true"
		Release.AspNetCompiler.ForceOverwrite = "true"
		Release.AspNetCompiler.FixedNames = "false"
		Release.AspNetCompiler.Debug = "False"
		VWDPort = "31310"
		SlnRelativePath = "F:\TestPro\learn\frontendLearning\angularjs\youtube\angularjs2\"
		DefaultWebSiteLanguage = "Visual C#"
	EndProjectSection
EndProject
Project("{E24C65DC-7377-472B-9ABA-BC803B73C61A}") = "js", "F:\TestPro\learn\frontendLearning\angularjs\youtube\js\", "{A50F47B8-22A6-466F-9C32-9EE9BBF9A0BD}"
	ProjectSection(WebsiteProperties) = preProject
		TargetFrameworkMoniker = ".NETFramework,Version%3Dv4.0"
		Debug.AspNetCompiler.VirtualPath = "/localhost_4132"
		Debug.AspNetCompiler.PhysicalPath = "F:\TestPro\learn\frontendLearning\angularjs\youtube\js\"
		Debug.AspNetCompiler.TargetPath = "PrecompiledWeb\localhost_4132\"
		Debug.AspNetCompiler.Updateable = "true"
		Debug.AspNetCompiler.ForceOverwrite = "true"
		Debug.AspNetCompiler.FixedNames = "false"
		Debug.AspNetCompiler.Debug = "True"
		Release.AspNetCompiler.VirtualPath = "/localhost_4132"
		Release.AspNetCompiler.PhysicalPath = "F:\TestPro\learn\frontendLearning\angularjs\youtube\js\"
		Release.AspNetCompiler.TargetPath = "PrecompiledWeb\localhost_4132\"
		Release.AspNetCompiler.Updateable = "true"
		Release.AspNetCompiler.ForceOverwrite = "true"
		Release.AspNetCompiler.FixedNames = "false"
		Release.AspNetCompiler.Debug = "False"
		VWDPort = "4132"
		SlnRelativePath = "F:\TestPro\learn\frontendLearning\angularjs\youtube\js\"
	EndProjectSection
EndProject
Project("{E24C65DC-7377-472B-9ABA-BC803B73C61A}") = "angularjs4", "F:\TestPro\learn\frontendLearning\angularjs\youtube\angularjs4\", "{ACD952FB-D16E-439B-A3DC-08389F8E864B}"
	ProjectSection(WebsiteProperties) = preProject
		TargetFrameworkMoniker = ".NETFramework,Version%3Dv4.5.2"
		Debug.AspNetCompiler.VirtualPath = "/localhost_18617"
		Debug.AspNetCompiler.PhysicalPath = "F:\TestPro\learn\frontendLearning\angularjs\youtube\angularjs4\"
		Debug.AspNetCompiler.TargetPath = "PrecompiledWeb\localhost_18617\"
		Debug.AspNetCompiler.Updateable = "true"
		Debug.AspNetCompiler.ForceOverwrite = "true"
		Debug.AspNetCompiler.FixedNames = "false"
		Debug.AspNetCompiler.Debug = "True"
		Release.AspNetCompiler.VirtualPath = "/localhost_18617"
		Release.AspNetCompiler.PhysicalPath = "F:\TestPro\learn\frontendLearning\angularjs\youtube\angularjs4\"
		Release.AspNetCompiler.TargetPath = "PrecompiledWeb\localhost_18617\"
		Release.AspNetCompiler.Updateable = "true"
		Release.AspNetCompiler.ForceOverwrite = "true"
		Release.AspNetCompiler.FixedNames = "false"
		Release.AspNetCompiler.Debug = "False"
		VWDPort = "18617"
		SlnRelativePath = "F:\TestPro\learn\frontendLearning\angularjs\youtube\angularjs4\"
		DefaultWebSiteLanguage = "Visual C#"
	EndProjectSection
EndProject
Project("{E24C65DC-7377-472B-9ABA-BC803B73C61A}") = "angularjs5", "F:\TestPro\learn\frontendLearning\angularjs\youtube\angularjs5\", "{5145DC51-2A54-4FE0-8D03-B252BDE8A56F}"
	ProjectSection(WebsiteProperties) = preProject
		TargetFrameworkMoniker = ".NETFramework,Version%3Dv4.5.2"
		Debug.AspNetCompiler.VirtualPath = "/localhost_21826"
		Debug.AspNetCompiler.PhysicalPath = "F:\TestPro\learn\frontendLearning\angularjs\youtube\angularjs5\"
		Debug.AspNetCompiler.TargetPath = "PrecompiledWeb\localhost_21826\"
		Debug.AspNetCompiler.Updateable = "true"
		Debug.AspNetCompiler.ForceOverwrite = "true"
		Debug.AspNetCompiler.FixedNames = "false"
		Debug.AspNetCompiler.Debug = "True"
		Release.AspNetCompiler.VirtualPath = "/localhost_21826"
		Release.AspNetCompiler.PhysicalPath = "F:\TestPro\learn\frontendLearning\angularjs\youtube\angularjs5\"
		Release.AspNetCompiler.TargetPath = "PrecompiledWeb\localhost_21826\"
		Release.AspNetCompiler.Updateable = "true"
		Release.AspNetCompiler.ForceOverwrite = "true"
		Release.AspNetCompiler.FixedNames = "false"
		Release.AspNetCompiler.Debug = "False"
		VWDPort = "21826"
		SlnRelativePath = "F:\TestPro\learn\frontendLearning\angularjs\youtube\angularjs5\"
		DefaultWebSiteLanguage = "Visual C#"
	EndProjectSection
EndProject
Project("{E24C65DC-7377-472B-9ABA-BC803B73C61A}") = "angularjs6", "F:\TestPro\learn\frontendLearning\angularjs\youtube\angularjs6\", "{407806DA-ECEB-49D3-A55D-1D30925B4D2D}"
	ProjectSection(WebsiteProperties) = preProject
		TargetFrameworkMoniker = ".NETFramework,Version%3Dv4.0"
		Debug.AspNetCompiler.VirtualPath = "/localhost_24741"
		Debug.AspNetCompiler.PhysicalPath = "F:\TestPro\learn\frontendLearning\angularjs\youtube\angularjs6\"
		Debug.AspNetCompiler.TargetPath = "PrecompiledWeb\localhost_24741\"
		Debug.AspNetCompiler.Updateable = "true"
		Debug.AspNetCompiler.ForceOverwrite = "true"
		Debug.AspNetCompiler.FixedNames = "false"
		Debug.AspNetCompiler.Debug = "True"
		Release.AspNetCompiler.VirtualPath = "/localhost_24741"
		Release.AspNetCompiler.PhysicalPath = "F:\TestPro\learn\frontendLearning\angularjs\youtube\angularjs6\"
		Release.AspNetCompiler.TargetPath = "PrecompiledWeb\localhost_24741\"
		Release.AspNetCompiler.Updateable = "true"
		Release.AspNetCompiler.ForceOverwrite = "true"
		Release.AspNetCompiler.FixedNames = "false"
		Release.AspNetCompiler.Debug = "False"
		VWDPort = "24741"
		SlnRelativePath = "F:\TestPro\learn\frontendLearning\angularjs\youtube\angularjs6\"
	EndProjectSection
EndProject
Project("{E24C65DC-7377-472B-9ABA-BC803B73C61A}") = "angularjs7", "F:\TestPro\learn\frontendLearning\angularjs\youtube\angularjs7\", "{11E36E70-204D-40C3-AAE4-918D82513FB1}"
	ProjectSection(WebsiteProperties) = preProject
		TargetFrameworkMoniker = ".NETFramework,Version%3Dv4.5.2"
		Debug.AspNetCompiler.VirtualPath = "/localhost_24932"
		Debug.AspNetCompiler.PhysicalPath = "F:\TestPro\learn\frontendLearning\angularjs\youtube\angularjs7\"
		Debug.AspNetCompiler.TargetPath = "PrecompiledWeb\localhost_24932\"
		Debug.AspNetCompiler.Updateable = "true"
		Debug.AspNetCompiler.ForceOverwrite = "true"
		Debug.AspNetCompiler.FixedNames = "false"
		Debug.AspNetCompiler.Debug = "True"
		Release.AspNetCompiler.VirtualPath = "/localhost_24932"
		Release.AspNetCompiler.PhysicalPath = "F:\TestPro\learn\frontendLearning\angularjs\youtube\angularjs7\"
		Release.AspNetCompiler.TargetPath = "PrecompiledWeb\localhost_24932\"
		Release.AspNetCompiler.Updateable = "true"
		Release.AspNetCompiler.ForceOverwrite = "true"
		Release.AspNetCompiler.FixedNames = "false"
		Release.AspNetCompiler.Debug = "False"
		VWDPort = "24932"
		SlnRelativePath = "F:\TestPro\learn\frontendLearning\angularjs\youtube\angularjs7\"
		DefaultWebSiteLanguage = "Visual C#"
	EndProjectSection
EndProject
Project("{E24C65DC-7377-472B-9ABA-BC803B73C61A}") = "angularjs8", "F:\TestPro\learn\frontendLearning\angularjs\youtube\angularjs8\", "{FFEF3AA4-6375-4738-8AAF-1D86DE3961C7}"
	ProjectSection(WebsiteProperties) = preProject
		TargetFrameworkMoniker = ".NETFramework,Version%3Dv4.5.2"
		Debug.AspNetCompiler.VirtualPath = "/localhost_28499"
		Debug.AspNetCompiler.PhysicalPath = "F:\TestPro\learn\frontendLearning\angularjs\youtube\angularjs8\"
		Debug.AspNetCompiler.TargetPath = "PrecompiledWeb\localhost_28499\"
		Debug.AspNetCompiler.Updateable = "true"
		Debug.AspNetCompiler.ForceOverwrite = "true"
		Debug.AspNetCompiler.FixedNames = "false"
		Debug.AspNetCompiler.Debug = "True"
		Release.AspNetCompiler.VirtualPath = "/localhost_28499"
		Release.AspNetCompiler.PhysicalPath = "F:\TestPro\learn\frontendLearning\angularjs\youtube\angularjs8\"
		Release.AspNetCompiler.TargetPath = "PrecompiledWeb\localhost_28499\"
		Release.AspNetCompiler.Updateable = "true"
		Release.AspNetCompiler.ForceOverwrite = "true"
		Release.AspNetCompiler.FixedNames = "false"
		Release.AspNetCompiler.Debug = "False"
		VWDPort = "28499"
		SlnRelativePath = "F:\TestPro\learn\frontendLearning\angularjs\youtube\angularjs8\"
		DefaultWebSiteLanguage = "Visual C#"
	EndProjectSection
EndProject
Project("{E24C65DC-7377-472B-9ABA-BC803B73C61A}") = "angularjs9", "F:\TestPro\learn\frontendLearning\angularjs\youtube\angularjs9\", "{90ED2CEC-7198-49CA-BBCE-63C4B13628DA}"
	ProjectSection(WebsiteProperties) = preProject
		TargetFrameworkMoniker = ".NETFramework,Version%3Dv4.5.2"
		Debug.AspNetCompiler.VirtualPath = "/localhost_4220"
		Debug.AspNetCompiler.PhysicalPath = "F:\TestPro\learn\frontendLearning\angularjs\youtube\angularjs9\"
		Debug.AspNetCompiler.TargetPath = "PrecompiledWeb\localhost_4220\"
		Debug.AspNetCompiler.Updateable = "true"
		Debug.AspNetCompiler.ForceOverwrite = "true"
		Debug.AspNetCompiler.FixedNames = "false"
		Debug.AspNetCompiler.Debug = "True"
		Release.AspNetCompiler.VirtualPath = "/localhost_4220"
		Release.AspNetCompiler.PhysicalPath = "F:\TestPro\learn\frontendLearning\angularjs\youtube\angularjs9\"
		Release.AspNetCompiler.TargetPath = "PrecompiledWeb\localhost_4220\"
		Release.AspNetCompiler.Updateable = "true"
		Release.AspNetCompiler.ForceOverwrite = "true"
		Release.AspNetCompiler.FixedNames = "false"
		Release.AspNetCompiler.Debug = "False"
		VWDPort = "4220"
		SlnRelativePath = "F:\TestPro\learn\frontendLearning\angularjs\youtube\angularjs9\"
		DefaultWebSiteLanguage = "Visual C#"
	EndProjectSection
EndProject
Project("{E24C65DC-7377-472B-9ABA-BC803B73C61A}") = "angularjs10", "F:\TestPro\learn\frontendLearning\angularjs\youtube\angularjs10\", "{362D8031-5AFE-4740-9754-B6CDAF9B9DD4}"
	ProjectSection(WebsiteProperties) = preProject
		TargetFrameworkMoniker = ".NETFramework,Version%3Dv4.5.2"
		Debug.AspNetCompiler.VirtualPath = "/localhost_4606"
		Debug.AspNetCompiler.PhysicalPath = "F:\TestPro\learn\frontendLearning\angularjs\youtube\angularjs10\"
		Debug.AspNetCompiler.TargetPath = "PrecompiledWeb\localhost_4606\"
		Debug.AspNetCompiler.Updateable = "true"
		Debug.AspNetCompiler.ForceOverwrite = "true"
		Debug.AspNetCompiler.FixedNames = "false"
		Debug.AspNetCompiler.Debug = "True"
		Release.AspNetCompiler.VirtualPath = "/localhost_4606"
		Release.AspNetCompiler.PhysicalPath = "F:\TestPro\learn\frontendLearning\angularjs\youtube\angularjs10\"
		Release.AspNetCompiler.TargetPath = "PrecompiledWeb\localhost_4606\"
		Release.AspNetCompiler.Updateable = "true"
		Release.AspNetCompiler.ForceOverwrite = "true"
		Release.AspNetCompiler.FixedNames = "false"
		Release.AspNetCompiler.Debug = "False"
		VWDPort = "4606"
		SlnRelativePath = "F:\TestPro\learn\frontendLearning\angularjs\youtube\angularjs10\"
		DefaultWebSiteLanguage = "Visual C#"
	EndProjectSection
EndProject
Project("{E24C65DC-7377-472B-9ABA-BC803B73C61A}") = "angularjs11", "F:\TestPro\learn\frontendLearning\angularjs\youtube\angularjs11\", "{CA1F5C7E-EF70-4531-A285-2A8A35BDB164}"
	ProjectSection(WebsiteProperties) = preProject
		TargetFrameworkMoniker = ".NETFramework,Version%3Dv4.5.2"
		Debug.AspNetCompiler.VirtualPath = "/localhost_29190"
		Debug.AspNetCompiler.PhysicalPath = "F:\TestPro\learn\frontendLearning\angularjs\youtube\angularjs11\"
		Debug.AspNetCompiler.TargetPath = "PrecompiledWeb\localhost_29190\"
		Debug.AspNetCompiler.Updateable = "true"
		Debug.AspNetCompiler.ForceOverwrite = "true"
		Debug.AspNetCompiler.FixedNames = "false"
		Debug.AspNetCompiler.Debug = "True"
		Release.AspNetCompiler.VirtualPath = "/localhost_29190"
		Release.AspNetCompiler.PhysicalPath = "F:\TestPro\learn\frontendLearning\angularjs\youtube\angularjs11\"
		Release.AspNetCompiler.TargetPath = "PrecompiledWeb\localhost_29190\"
		Release.AspNetCompiler.Updateable = "true"
		Release.AspNetCompiler.ForceOverwrite = "true"
		Release.AspNetCompiler.FixedNames = "false"
		Release.AspNetCompiler.Debug = "False"
		VWDPort = "29190"
		SlnRelativePath = "F:\TestPro\learn\frontendLearning\angularjs\youtube\angularjs11\"
		DefaultWebSiteLanguage = "Visual C#"
	EndProjectSection
EndProject
Project("{E24C65DC-7377-472B-9ABA-BC803B73C61A}") = "angularjs13", "F:\TestPro\learn\frontendLearning\angularjs\youtube\angularjs13\", "{4A5AB452-6965-40EE-8DDE-4953E750479F}"
	ProjectSection(WebsiteProperties) = preProject
		TargetFrameworkMoniker = ".NETFramework,Version%3Dv4.0"
		Debug.AspNetCompiler.VirtualPath = "/localhost_36867"
		Debug.AspNetCompiler.PhysicalPath = "F:\TestPro\learn\frontendLearning\angularjs\youtube\angularjs13\"
		Debug.AspNetCompiler.TargetPath = "PrecompiledWeb\localhost_36867\"
		Debug.AspNetCompiler.Updateable = "true"
		Debug.AspNetCompiler.ForceOverwrite = "true"
		Debug.AspNetCompiler.FixedNames = "false"
		Debug.AspNetCompiler.Debug = "True"
		Release.AspNetCompiler.VirtualPath = "/localhost_36867"
		Release.AspNetCompiler.PhysicalPath = "F:\TestPro\learn\frontendLearning\angularjs\youtube\angularjs13\"
		Release.AspNetCompiler.TargetPath = "PrecompiledWeb\localhost_36867\"
		Release.AspNetCompiler.Updateable = "true"
		Release.AspNetCompiler.ForceOverwrite = "true"
		Release.AspNetCompiler.FixedNames = "false"
		Release.AspNetCompiler.Debug = "False"
		VWDPort = "36867"
		SlnRelativePath = "F:\TestPro\learn\frontendLearning\angularjs\youtube\angularjs13\"
	EndProjectSection
EndProject
Project("{E24C65DC-7377-472B-9ABA-BC803B73C61A}") = "angularjs14", "F:\TestPro\learn\frontendLearning\angularjs\youtube\angularjs14\", "{1A31EAB4-8855-4A45-B3A8-426A725A3BFF}"
	ProjectSection(WebsiteProperties) = preProject
		TargetFrameworkMoniker = ".NETFramework,Version%3Dv4.5.2"
		Debug.AspNetCompiler.VirtualPath = "/localhost_37329"
		Debug.AspNetCompiler.PhysicalPath = "F:\TestPro\learn\frontendLearning\angularjs\youtube\angularjs14\"
		Debug.AspNetCompiler.TargetPath = "PrecompiledWeb\localhost_37329\"
		Debug.AspNetCompiler.Updateable = "true"
		Debug.AspNetCompiler.ForceOverwrite = "true"
		Debug.AspNetCompiler.FixedNames = "false"
		Debug.AspNetCompiler.Debug = "True"
		Release.AspNetCompiler.VirtualPath = "/localhost_37329"
		Release.AspNetCompiler.PhysicalPath = "F:\TestPro\learn\frontendLearning\angularjs\youtube\angularjs14\"
		Release.AspNetCompiler.TargetPath = "PrecompiledWeb\localhost_37329\"
		Release.AspNetCompiler.Updateable = "true"
		Release.AspNetCompiler.ForceOverwrite = "true"
		Release.AspNetCompiler.FixedNames = "false"
		Release.AspNetCompiler.Debug = "False"
		VWDPort = "37329"
		SlnRelativePath = "F:\TestPro\learn\frontendLearning\angularjs\youtube\angularjs14\"
		DefaultWebSiteLanguage = "Visual C#"
	EndProjectSection
EndProject
Project("{E24C65DC-7377-472B-9ABA-BC803B73C61A}") = "angularjs16", "F:\TestPro\learn\frontendLearning\angularjs\youtube\angularjs16\", "{7EC5A308-85DB-4989-8779-A5A639C2ED2B}"
	ProjectSection(WebsiteProperties) = preProject
		TargetFrameworkMoniker = ".NETFramework,Version%3Dv4.0"
		Debug.AspNetCompiler.VirtualPath = "/localhost_38916"
		Debug.AspNetCompiler.PhysicalPath = "F:\TestPro\learn\frontendLearning\angularjs\youtube\angularjs16\"
		Debug.AspNetCompiler.TargetPath = "PrecompiledWeb\localhost_38916\"
		Debug.AspNetCompiler.Updateable = "true"
		Debug.AspNetCompiler.ForceOverwrite = "true"
		Debug.AspNetCompiler.FixedNames = "false"
		Debug.AspNetCompiler.Debug = "True"
		Release.AspNetCompiler.VirtualPath = "/localhost_38916"
		Release.AspNetCompiler.PhysicalPath = "F:\TestPro\learn\frontendLearning\angularjs\youtube\angularjs16\"
		Release.AspNetCompiler.TargetPath = "PrecompiledWeb\localhost_38916\"
		Release.AspNetCompiler.Updateable = "true"
		Release.AspNetCompiler.ForceOverwrite = "true"
		Release.AspNetCompiler.FixedNames = "false"
		Release.AspNetCompiler.Debug = "False"
		VWDPort = "38916"
		SlnRelativePath = "F:\TestPro\learn\frontendLearning\angularjs\youtube\angularjs16\"
	EndProjectSection
EndProject
Project("{E24C65DC-7377-472B-9ABA-BC803B73C61A}") = "angularjs17", "F:\TestPro\learn\frontendLearning\angularjs\youtube\angularjs17\", "{0ED9B793-D8A1-458F-944E-C7841A5B14E8}"
	ProjectSection(WebsiteProperties) = preProject
		TargetFrameworkMoniker = ".NETFramework,Version%3Dv4.5.2"
		Debug.AspNetCompiler.VirtualPath = "/localhost_11105"
		Debug.AspNetCompiler.PhysicalPath = "F:\TestPro\learn\frontendLearning\angularjs\youtube\angularjs17\"
		Debug.AspNetCompiler.TargetPath = "PrecompiledWeb\localhost_11105\"
		Debug.AspNetCompiler.Updateable = "true"
		Debug.AspNetCompiler.ForceOverwrite = "true"
		Debug.AspNetCompiler.FixedNames = "false"
		Debug.AspNetCompiler.Debug = "True"
		Release.AspNetCompiler.VirtualPath = "/localhost_11105"
		Release.AspNetCompiler.PhysicalPath = "F:\TestPro\learn\frontendLearning\angularjs\youtube\angularjs17\"
		Release.AspNetCompiler.TargetPath = "PrecompiledWeb\localhost_11105\"
		Release.AspNetCompiler.Updateable = "true"
		Release.AspNetCompiler.ForceOverwrite = "true"
		Release.AspNetCompiler.FixedNames = "false"
		Release.AspNetCompiler.Debug = "False"
		VWDPort = "11105"
		SlnRelativePath = "F:\TestPro\learn\frontendLearning\angularjs\youtube\angularjs17\"
		DefaultWebSiteLanguage = "Visual C#"
	EndProjectSection
EndProject
Project("{FAE04EC0-301F-11D3-BF4B-00C04F79EFBC}") = "APIStore", "APIStore\APIStore.csproj", "{05D39F4F-8E75-4527-B647-57D7A83FCA33}"
EndProject
Project("{E24C65DC-7377-472B-9ABA-BC803B73C61A}") = "angularjs19", "angularjs19\", "{F69619F5-C8D3-4607-80A9-467BC88A87B3}"
	ProjectSection(WebsiteProperties) = preProject
		TargetFrameworkMoniker = ".NETFramework,Version%3Dv4.5.2"
		Debug.AspNetCompiler.VirtualPath = "/localhost_34045"
		Debug.AspNetCompiler.PhysicalPath = "angularjs19\"
		Debug.AspNetCompiler.TargetPath = "PrecompiledWeb\localhost_34045\"
		Debug.AspNetCompiler.Updateable = "true"
		Debug.AspNetCompiler.ForceOverwrite = "true"
		Debug.AspNetCompiler.FixedNames = "false"
		Debug.AspNetCompiler.Debug = "True"
		Release.AspNetCompiler.VirtualPath = "/localhost_34045"
		Release.AspNetCompiler.PhysicalPath = "angularjs19\"
		Release.AspNetCompiler.TargetPath = "PrecompiledWeb\localhost_34045\"
		Release.AspNetCompiler.Updateable = "true"
		Release.AspNetCompiler.ForceOverwrite = "true"
		Release.AspNetCompiler.FixedNames = "false"
		Release.AspNetCompiler.Debug = "False"
		VWDPort = "34045"
		DefaultWebSiteLanguage = "Visual C#"
	EndProjectSection
EndProject
Project("{E24C65DC-7377-472B-9ABA-BC803B73C61A}") = "angularjs22", "angularjs22\", "{6B98BBF8-07E5-4D5C-8807-B6A9E417F5FC}"
	ProjectSection(WebsiteProperties) = preProject
		TargetFrameworkMoniker = ".NETFramework,Version%3Dv4.5.2"
		Debug.AspNetCompiler.VirtualPath = "/localhost_8589"
		Debug.AspNetCompiler.PhysicalPath = "angularjs22\"
		Debug.AspNetCompiler.TargetPath = "PrecompiledWeb\localhost_8589\"
		Debug.AspNetCompiler.Updateable = "true"
		Debug.AspNetCompiler.ForceOverwrite = "true"
		Debug.AspNetCompiler.FixedNames = "false"
		Debug.AspNetCompiler.Debug = "True"
		Release.AspNetCompiler.VirtualPath = "/localhost_8589"
		Release.AspNetCompiler.PhysicalPath = "angularjs22\"
		Release.AspNetCompiler.TargetPath = "PrecompiledWeb\localhost_8589\"
		Release.AspNetCompiler.Updateable = "true"
		Release.AspNetCompiler.ForceOverwrite = "true"
		Release.AspNetCompiler.FixedNames = "false"
		Release.AspNetCompiler.Debug = "False"
		VWDPort = "8589"
		DefaultWebSiteLanguage = "Visual C#"
	EndProjectSection
EndProject
Global
	GlobalSection(SolutionConfigurationPlatforms) = preSolution
		Debug|Any CPU = Debug|Any CPU
		Release|Any CPU = Release|Any CPU
	EndGlobalSection
	GlobalSection(ProjectConfigurationPlatforms) = postSolution
		{2E0654BC-F419-40B9-8A14-C22C5B202D5B}.Debug|Any CPU.ActiveCfg = Debug|Any CPU
		{2E0654BC-F419-40B9-8A14-C22C5B202D5B}.Debug|Any CPU.Build.0 = Debug|Any CPU
		{2E0654BC-F419-40B9-8A14-C22C5B202D5B}.Release|Any CPU.ActiveCfg = Debug|Any CPU
		{2E0654BC-F419-40B9-8A14-C22C5B202D5B}.Release|Any CPU.Build.0 = Debug|Any CPU
		{0C6DD646-7280-4F28-B1D4-718694413E3B}.Debug|Any CPU.ActiveCfg = Debug|Any CPU
		{0C6DD646-7280-4F28-B1D4-718694413E3B}.Debug|Any CPU.Build.0 = Debug|Any CPU
		{0C6DD646-7280-4F28-B1D4-718694413E3B}.Release|Any CPU.ActiveCfg = Debug|Any CPU
		{0C6DD646-7280-4F28-B1D4-718694413E3B}.Release|Any CPU.Build.0 = Debug|Any CPU
		{A50F47B8-22A6-466F-9C32-9EE9BBF9A0BD}.Debug|Any CPU.ActiveCfg = Debug|Any CPU
		{A50F47B8-22A6-466F-9C32-9EE9BBF9A0BD}.Debug|Any CPU.Build.0 = Debug|Any CPU
		{A50F47B8-22A6-466F-9C32-9EE9BBF9A0BD}.Release|Any CPU.ActiveCfg = Debug|Any CPU
		{A50F47B8-22A6-466F-9C32-9EE9BBF9A0BD}.Release|Any CPU.Build.0 = Debug|Any CPU
		{ACD952FB-D16E-439B-A3DC-08389F8E864B}.Debug|Any CPU.ActiveCfg = Debug|Any CPU
		{ACD952FB-D16E-439B-A3DC-08389F8E864B}.Debug|Any CPU.Build.0 = Debug|Any CPU
		{ACD952FB-D16E-439B-A3DC-08389F8E864B}.Release|Any CPU.ActiveCfg = Debug|Any CPU
		{ACD952FB-D16E-439B-A3DC-08389F8E864B}.Release|Any CPU.Build.0 = Debug|Any CPU
		{5145DC51-2A54-4FE0-8D03-B252BDE8A56F}.Debug|Any CPU.ActiveCfg = Debug|Any CPU
		{5145DC51-2A54-4FE0-8D03-B252BDE8A56F}.Debug|Any CPU.Build.0 = Debug|Any CPU
		{5145DC51-2A54-4FE0-8D03-B252BDE8A56F}.Release|Any CPU.ActiveCfg = Debug|Any CPU
		{5145DC51-2A54-4FE0-8D03-B252BDE8A56F}.Release|Any CPU.Build.0 = Debug|Any CPU
		{407806DA-ECEB-49D3-A55D-1D30925B4D2D}.Debug|Any CPU.ActiveCfg = Debug|Any CPU
		{407806DA-ECEB-49D3-A55D-1D30925B4D2D}.Debug|Any CPU.Build.0 = Debug|Any CPU
		{407806DA-ECEB-49D3-A55D-1D30925B4D2D}.Release|Any CPU.ActiveCfg = Debug|Any CPU
		{407806DA-ECEB-49D3-A55D-1D30925B4D2D}.Release|Any CPU.Build.0 = Debug|Any CPU
		{11E36E70-204D-40C3-AAE4-918D82513FB1}.Debug|Any CPU.ActiveCfg = Debug|Any CPU
		{11E36E70-204D-40C3-AAE4-918D82513FB1}.Debug|Any CPU.Build.0 = Debug|Any CPU
		{11E36E70-204D-40C3-AAE4-918D82513FB1}.Release|Any CPU.ActiveCfg = Debug|Any CPU
		{11E36E70-204D-40C3-AAE4-918D82513FB1}.Release|Any CPU.Build.0 = Debug|Any CPU
		{FFEF3AA4-6375-4738-8AAF-1D86DE3961C7}.Debug|Any CPU.ActiveCfg = Debug|Any CPU
		{FFEF3AA4-6375-4738-8AAF-1D86DE3961C7}.Debug|Any CPU.Build.0 = Debug|Any CPU
		{FFEF3AA4-6375-4738-8AAF-1D86DE3961C7}.Release|Any CPU.ActiveCfg = Debug|Any CPU
		{FFEF3AA4-6375-4738-8AAF-1D86DE3961C7}.Release|Any CPU.Build.0 = Debug|Any CPU
		{90ED2CEC-7198-49CA-BBCE-63C4B13628DA}.Debug|Any CPU.ActiveCfg = Debug|Any CPU
		{90ED2CEC-7198-49CA-BBCE-63C4B13628DA}.Debug|Any CPU.Build.0 = Debug|Any CPU
		{90ED2CEC-7198-49CA-BBCE-63C4B13628DA}.Release|Any CPU.ActiveCfg = Debug|Any CPU
		{90ED2CEC-7198-49CA-BBCE-63C4B13628DA}.Release|Any CPU.Build.0 = Debug|Any CPU
		{362D8031-5AFE-4740-9754-B6CDAF9B9DD4}.Debug|Any CPU.ActiveCfg = Debug|Any CPU
		{362D8031-5AFE-4740-9754-B6CDAF9B9DD4}.Debug|Any CPU.Build.0 = Debug|Any CPU
		{362D8031-5AFE-4740-9754-B6CDAF9B9DD4}.Release|Any CPU.ActiveCfg = Debug|Any CPU
		{362D8031-5AFE-4740-9754-B6CDAF9B9DD4}.Release|Any CPU.Build.0 = Debug|Any CPU
		{CA1F5C7E-EF70-4531-A285-2A8A35BDB164}.Debug|Any CPU.ActiveCfg = Debug|Any CPU
		{CA1F5C7E-EF70-4531-A285-2A8A35BDB164}.Debug|Any CPU.Build.0 = Debug|Any CPU
		{CA1F5C7E-EF70-4531-A285-2A8A35BDB164}.Release|Any CPU.ActiveCfg = Debug|Any CPU
		{CA1F5C7E-EF70-4531-A285-2A8A35BDB164}.Release|Any CPU.Build.0 = Debug|Any CPU
		{4A5AB452-6965-40EE-8DDE-4953E750479F}.Debug|Any CPU.ActiveCfg = Debug|Any CPU
		{4A5AB452-6965-40EE-8DDE-4953E750479F}.Debug|Any CPU.Build.0 = Debug|Any CPU
		{4A5AB452-6965-40EE-8DDE-4953E750479F}.Release|Any CPU.ActiveCfg = Debug|Any CPU
		{4A5AB452-6965-40EE-8DDE-4953E750479F}.Release|Any CPU.Build.0 = Debug|Any CPU
		{1A31EAB4-8855-4A45-B3A8-426A725A3BFF}.Debug|Any CPU.ActiveCfg = Debug|Any CPU
		{1A31EAB4-8855-4A45-B3A8-426A725A3BFF}.Debug|Any CPU.Build.0 = Debug|Any CPU
		{1A31EAB4-8855-4A45-B3A8-426A725A3BFF}.Release|Any CPU.ActiveCfg = Debug|Any CPU
		{1A31EAB4-8855-4A45-B3A8-426A725A3BFF}.Release|Any CPU.Build.0 = Debug|Any CPU
		{7EC5A308-85DB-4989-8779-A5A639C2ED2B}.Debug|Any CPU.ActiveCfg = Debug|Any CPU
		{7EC5A308-85DB-4989-8779-A5A639C2ED2B}.Debug|Any CPU.Build.0 = Debug|Any CPU
		{7EC5A308-85DB-4989-8779-A5A639C2ED2B}.Release|Any CPU.ActiveCfg = Debug|Any CPU
		{7EC5A308-85DB-4989-8779-A5A639C2ED2B}.Release|Any CPU.Build.0 = Debug|Any CPU
		{0ED9B793-D8A1-458F-944E-C7841A5B14E8}.Debug|Any CPU.ActiveCfg = Debug|Any CPU
		{0ED9B793-D8A1-458F-944E-C7841A5B14E8}.Debug|Any CPU.Build.0 = Debug|Any CPU
		{0ED9B793-D8A1-458F-944E-C7841A5B14E8}.Release|Any CPU.ActiveCfg = Debug|Any CPU
		{0ED9B793-D8A1-458F-944E-C7841A5B14E8}.Release|Any CPU.Build.0 = Debug|Any CPU
		{05D39F4F-8E75-4527-B647-57D7A83FCA33}.Debug|Any CPU.ActiveCfg = Debug|Any CPU
		{05D39F4F-8E75-4527-B647-57D7A83FCA33}.Debug|Any CPU.Build.0 = Debug|Any CPU
		{05D39F4F-8E75-4527-B647-57D7A83FCA33}.Release|Any CPU.ActiveCfg = Release|Any CPU
		{05D39F4F-8E75-4527-B647-57D7A83FCA33}.Release|Any CPU.Build.0 = Release|Any CPU
		{F69619F5-C8D3-4607-80A9-467BC88A87B3}.Debug|Any CPU.ActiveCfg = Debug|Any CPU
		{F69619F5-C8D3-4607-80A9-467BC88A87B3}.Debug|Any CPU.Build.0 = Debug|Any CPU
		{F69619F5-C8D3-4607-80A9-467BC88A87B3}.Release|Any CPU.ActiveCfg = Debug|Any CPU
		{F69619F5-C8D3-4607-80A9-467BC88A87B3}.Release|Any CPU.Build.0 = Debug|Any CPU
		{6B98BBF8-07E5-4D5C-8807-B6A9E417F5FC}.Debug|Any CPU.ActiveCfg = Debug|Any CPU
		{6B98BBF8-07E5-4D5C-8807-B6A9E417F5FC}.Debug|Any CPU.Build.0 = Debug|Any CPU
		{6B98BBF8-07E5-4D5C-8807-B6A9E417F5FC}.Release|Any CPU.ActiveCfg = Debug|Any CPU
		{6B98BBF8-07E5-4D5C-8807-B6A9E417F5FC}.Release|Any CPU.Build.0 = Debug|Any CPU
	EndGlobalSection
	GlobalSection(SolutionProperties) = preSolution
		HideSolutionNode = FALSE
	EndGlobalSection
EndGlobal
